
Microsoft Visual Studio Solution File, Format Version 12.00
# Visual Studio Version 17
VisualStudioVersion = 17.7.34031.279
MinimumVisualStudioVersion = 10.0.40219.1
Project("{FAE04EC0-301F-11D3-BF4B-00C04F79EFBC}") = "01_MainSubject", "01_MainSubject\01_MainSubject.csproj", "{DE478865-ABD8-487A-B93A-7E1F20F7F67D}"
EndProject
Project("{FAE04EC0-301F-11D3-BF4B-00C04F79EFBC}") = "02_Variables", "02_Variables\02_Variables.csproj", "{37229862-DF13-49A2-9B5B-AD99E57378D7}"
EndProject
Global
	GlobalSection(SolutionConfigurationPlatforms) = preSolution
		Debug|Any CPU = Debug|Any CPU
		Release|Any CPU = Release|Any CPU
	EndGlobalSection
	GlobalSection(ProjectConfigurationPlatforms) = postSolution
		{DE478865-ABD8-487A-B93A-7E1F20F7F67D}.Debug|Any CPU.ActiveCfg = Debug|Any CPU
		{DE478865-ABD8-487A-B93A-7E1F20F7F67D}.Debug|Any CPU.Build.0 = Debug|Any CPU
		{DE478865-ABD8-487A-B93A-7E1F20F7F67D}.Release|Any CPU.ActiveCfg = Release|Any CPU
		{DE478865-ABD8-487A-B93A-7E1F20F7F67D}.Release|Any CPU.Build.0 = Release|Any CPU
		{37229862-DF13-49A2-9B5B-AD99E57378D7}.Debug|Any CPU.ActiveCfg = Debug|Any CPU
		{37229862-DF13-49A2-9B5B-AD99E57378D7}.Debug|Any CPU.Build.0 = Debug|Any CPU
		{37229862-DF13-49A2-9B5B-AD99E57378D7}.Release|Any CPU.ActiveCfg = Release|Any CPU
		{37229862-DF13-49A2-9B5B-AD99E57378D7}.Release|Any CPU.Build.0 = Release|Any CPU
	EndGlobalSection
	GlobalSection(SolutionProperties) = preSolution
		HideSolutionNode = FALSE
	EndGlobalSection
	GlobalSection(ExtensibilityGlobals) = postSolution
		SolutionGuid = {F45EC697-5AD6-49FB-A762-1F3A049765AB}
	EndGlobalSection
EndGlobal
